
Microsoft Visual Studio Solution File, Format Version 12.00
# Visual Studio Version 17
VisualStudioVersion = 17.9.34723.18
MinimumVisualStudioVersion = 10.0.40219.1
Project("{8BC9CEB8-8B4A-11D0-8D11-00A0C91BC942}") = "Sandbox", "Sandbox\Sandbox.vcxproj", "{A5CF5BFD-875D-4659-8F12-86795C787FEC}"
EndProject
Project("{8BC9CEB8-8B4A-11D0-8D11-00A0C91BC942}") = "Gymon", "Gymon\Gymon.vcxproj", "{FAF4CAAB-E841-4F4B-9393-B1F908BFBD18}"
EndProject
Global
	GlobalSection(SolutionConfigurationPlatforms) = preSolution
		Debug|x64 = Debug|x64
		Release|x64 = Release|x64
	EndGlobalSection
	GlobalSection(ProjectConfigurationPlatforms) = postSolution
		{A5CF5BFD-875D-4659-8F12-86795C787FEC}.Debug|x64.ActiveCfg = Debug|x64
		{A5CF5BFD-875D-4659-8F12-86795C787FEC}.Debug|x64.Build.0 = Debug|x64
		{A5CF5BFD-875D-4659-8F12-86795C787FEC}.Release|x64.ActiveCfg = Release|x64
		{A5CF5BFD-875D-4659-8F12-86795C787FEC}.Release|x64.Build.0 = Release|x64
		{FAF4CAAB-E841-4F4B-9393-B1F908BFBD18}.Debug|x64.ActiveCfg = Debug|x64
		{FAF4CAAB-E841-4F4B-9393-B1F908BFBD18}.Debug|x64.Build.0 = Debug|x64
		{FAF4CAAB-E841-4F4B-9393-B1F908BFBD18}.Release|x64.ActiveCfg = Release|x64
		{FAF4CAAB-E841-4F4B-9393-B1F908BFBD18}.Release|x64.Build.0 = Release|x64
	EndGlobalSection
	GlobalSection(SolutionProperties) = preSolution
		HideSolutionNode = FALSE
	EndGlobalSection
	GlobalSection(ExtensibilityGlobals) = postSolution
		SolutionGuid = {AB4D0941-8C0B-45E9-A1CE-29738AC40B58}
	EndGlobalSection
EndGlobal
